
Microsoft Visual Studio Solution File, Format Version 12.00
# Visual Studio Version 17
VisualStudioVersion = 17.0.31903.59
MinimumVisualStudioVersion = 10.0.40219.1
Project("{FAE04EC0-301F-11D3-BF4B-00C04F79EFBC}") = "Sharpy", "Sharpy\Sharpy.csproj", "{BA85BFD9-2B09-4C0C-A925-D61FAF4F558F}"
EndProject
Project("{FAE04EC0-301F-11D3-BF4B-00C04F79EFBC}") = "SharpyTest", "SharpyTest\SharpyTest.csproj", "{7E476123-F01D-4F29-BD39-7D6277C41160}"
EndProject
Global
	GlobalSection(SolutionConfigurationPlatforms) = preSolution
		Debug|Any CPU = Debug|Any CPU
		Release|Any CPU = Release|Any CPU
	EndGlobalSection
	GlobalSection(SolutionProperties) = preSolution
		HideSolutionNode = FALSE
	EndGlobalSection
	GlobalSection(ProjectConfigurationPlatforms) = postSolution
		{BA85BFD9-2B09-4C0C-A925-D61FAF4F558F}.Debug|Any CPU.ActiveCfg = Debug|Any CPU
		{BA85BFD9-2B09-4C0C-A925-D61FAF4F558F}.Debug|Any CPU.Build.0 = Debug|Any CPU
		{BA85BFD9-2B09-4C0C-A925-D61FAF4F558F}.Release|Any CPU.ActiveCfg = Release|Any CPU
		{BA85BFD9-2B09-4C0C-A925-D61FAF4F558F}.Release|Any CPU.Build.0 = Release|Any CPU
		{7E476123-F01D-4F29-BD39-7D6277C41160}.Debug|Any CPU.ActiveCfg = Debug|Any CPU
		{7E476123-F01D-4F29-BD39-7D6277C41160}.Debug|Any CPU.Build.0 = Debug|Any CPU
		{7E476123-F01D-4F29-BD39-7D6277C41160}.Release|Any CPU.ActiveCfg = Release|Any CPU
		{7E476123-F01D-4F29-BD39-7D6277C41160}.Release|Any CPU.Build.0 = Release|Any CPU
	EndGlobalSection
EndGlobal
